
Microsoft Visual Studio Solution File, Format Version 12.00
# Visual Studio 14
VisualStudioVersion = 14.0.25420.1
MinimumVisualStudioVersion = 10.0.40219.1
Project("{FAE04EC0-301F-11D3-BF4B-00C04F79EFBC}") = "BabyDoc", "BabyDoc\BabyDoc.csproj", "{BE9348E9-F9CF-4196-8A21-E579D1C63314}"
EndProject
Project("{FAE04EC0-301F-11D3-BF4B-00C04F79EFBC}") = "BabyDoc.Test", "BabyDoc.Test\BabyDoc.Test.csproj", "{6D2E2A1C-5A39-479C-8F44-103479B7B5C4}"
EndProject
Project("{FAE04EC0-301F-11D3-BF4B-00C04F79EFBC}") = "BabyDoc.Vsix", "BabyDoc.Vsix\BabyDoc.Vsix.csproj", "{458AF6EE-38BC-4B45-B188-E91318677FBA}"
EndProject
Global
	GlobalSection(SolutionConfigurationPlatforms) = preSolution
		Debug|Any CPU = Debug|Any CPU
		Release|Any CPU = Release|Any CPU
	EndGlobalSection
	GlobalSection(ProjectConfigurationPlatforms) = postSolution
		{BE9348E9-F9CF-4196-8A21-E579D1C63314}.Debug|Any CPU.ActiveCfg = Debug|Any CPU
		{BE9348E9-F9CF-4196-8A21-E579D1C63314}.Debug|Any CPU.Build.0 = Debug|Any CPU
		{BE9348E9-F9CF-4196-8A21-E579D1C63314}.Release|Any CPU.ActiveCfg = Release|Any CPU
		{BE9348E9-F9CF-4196-8A21-E579D1C63314}.Release|Any CPU.Build.0 = Release|Any CPU
		{6D2E2A1C-5A39-479C-8F44-103479B7B5C4}.Debug|Any CPU.ActiveCfg = Debug|Any CPU
		{6D2E2A1C-5A39-479C-8F44-103479B7B5C4}.Debug|Any CPU.Build.0 = Debug|Any CPU
		{6D2E2A1C-5A39-479C-8F44-103479B7B5C4}.Release|Any CPU.ActiveCfg = Release|Any CPU
		{6D2E2A1C-5A39-479C-8F44-103479B7B5C4}.Release|Any CPU.Build.0 = Release|Any CPU
		{458AF6EE-38BC-4B45-B188-E91318677FBA}.Debug|Any CPU.ActiveCfg = Debug|Any CPU
		{458AF6EE-38BC-4B45-B188-E91318677FBA}.Debug|Any CPU.Build.0 = Debug|Any CPU
		{458AF6EE-38BC-4B45-B188-E91318677FBA}.Release|Any CPU.ActiveCfg = Release|Any CPU
		{458AF6EE-38BC-4B45-B188-E91318677FBA}.Release|Any CPU.Build.0 = Release|Any CPU
	EndGlobalSection
	GlobalSection(SolutionProperties) = preSolution
		HideSolutionNode = FALSE
	EndGlobalSection
EndGlobal
